
Microsoft Visual Studio Solution File, Format Version 12.00
# Visual Studio Version 17
VisualStudioVersion = 17.8.34330.188
MinimumVisualStudioVersion = 10.0.40219.1
Project("{2150E333-8FDC-42A3-9474-1A3956D46DE8}") = "Algorithms", "Algorithms", "{FA26398B-AAB6-4BB2-9C23-B5E213B39D99}"
EndProject
Project("{2150E333-8FDC-42A3-9474-1A3956D46DE8}") = "Algorithms.Tests", "Algorithms.Tests", "{B79D2F96-C15B-4CD3-ADFD-E4FF2BBC8114}"
EndProject
Project("{9A19103F-16F7-4668-BE54-9A1E7A4F7556}") = "LinearSearch.Tests", "Algorithms.Test\LinearSearch.Tests\LinearSearch.Tests.csproj", "{BC6FBF2C-7931-4303-8EBA-91AEB01F9B24}"
EndProject
Project("{9A19103F-16F7-4668-BE54-9A1E7A4F7556}") = "BinarySearch.Tests", "Algorithms.Test\BinarySearch.Tests2\BinarySearch.Tests.csproj", "{BB07F78C-E77F-4809-800F-EC0228AC4D43}"
EndProject
Project("{2150E333-8FDC-42A3-9474-1A3956D46DE8}") = "Searching", "Searching", "{CBFA8653-B385-4F57-A3B3-0B7E346B45B1}"
EndProject
Project("{2150E333-8FDC-42A3-9474-1A3956D46DE8}") = "Sorting", "Sorting", "{CFAAD4A8-8503-47A5-A793-86506AE8E369}"
EndProject
Project("{FAE04EC0-301F-11D3-BF4B-00C04F79EFBC}") = "BubbleSort", "Algorithms\Sorting\BubbleSort\BubbleSort.csproj", "{9C2235CA-99F8-42C8-BC3D-75D46281491B}"
EndProject
Project("{FAE04EC0-301F-11D3-BF4B-00C04F79EFBC}") = "BubbleSort.Tests", "Algorithms.Test\Sorting\BubbleSort.Tests\BubbleSort.Tests.csproj", "{88467EA9-B94D-49F6-BA48-BD5BE7FBEF92}"
EndProject
Project("{2150E333-8FDC-42A3-9474-1A3956D46DE8}") = "Sorting", "Sorting", "{AA810627-6BE1-46A0-BD8E-B3B93A4950A2}"
EndProject
Project("{2150E333-8FDC-42A3-9474-1A3956D46DE8}") = "Searching", "Searching", "{2E26D560-1A3A-4ED6-A1EE-89B41C1B7CB7}"
EndProject
Project("{9A19103F-16F7-4668-BE54-9A1E7A4F7556}") = "BinarySearch", "Algorithms\Searching\BinarySearch\BinarySearch.csproj", "{FA516602-446D-4C00-8C56-D858BEB36FB8}"
EndProject
Project("{9A19103F-16F7-4668-BE54-9A1E7A4F7556}") = "LinearSearch", "Algorithms\Searching\LinearSearch\LinearSearch.csproj", "{14CC2709-E3C9-4EE4-A5EE-175BF7DE148E}"
EndProject
Global
	GlobalSection(SolutionConfigurationPlatforms) = preSolution
		Debug|Any CPU = Debug|Any CPU
		Release|Any CPU = Release|Any CPU
	EndGlobalSection
	GlobalSection(ProjectConfigurationPlatforms) = postSolution
		{BC6FBF2C-7931-4303-8EBA-91AEB01F9B24}.Debug|Any CPU.ActiveCfg = Debug|Any CPU
		{BC6FBF2C-7931-4303-8EBA-91AEB01F9B24}.Debug|Any CPU.Build.0 = Debug|Any CPU
		{BC6FBF2C-7931-4303-8EBA-91AEB01F9B24}.Release|Any CPU.ActiveCfg = Release|Any CPU
		{BC6FBF2C-7931-4303-8EBA-91AEB01F9B24}.Release|Any CPU.Build.0 = Release|Any CPU
		{BB07F78C-E77F-4809-800F-EC0228AC4D43}.Debug|Any CPU.ActiveCfg = Debug|Any CPU
		{BB07F78C-E77F-4809-800F-EC0228AC4D43}.Debug|Any CPU.Build.0 = Debug|Any CPU
		{BB07F78C-E77F-4809-800F-EC0228AC4D43}.Release|Any CPU.ActiveCfg = Release|Any CPU
		{BB07F78C-E77F-4809-800F-EC0228AC4D43}.Release|Any CPU.Build.0 = Release|Any CPU
		{9C2235CA-99F8-42C8-BC3D-75D46281491B}.Debug|Any CPU.ActiveCfg = Debug|Any CPU
		{9C2235CA-99F8-42C8-BC3D-75D46281491B}.Debug|Any CPU.Build.0 = Debug|Any CPU
		{9C2235CA-99F8-42C8-BC3D-75D46281491B}.Release|Any CPU.ActiveCfg = Release|Any CPU
		{9C2235CA-99F8-42C8-BC3D-75D46281491B}.Release|Any CPU.Build.0 = Release|Any CPU
		{88467EA9-B94D-49F6-BA48-BD5BE7FBEF92}.Debug|Any CPU.ActiveCfg = Debug|Any CPU
		{88467EA9-B94D-49F6-BA48-BD5BE7FBEF92}.Debug|Any CPU.Build.0 = Debug|Any CPU
		{88467EA9-B94D-49F6-BA48-BD5BE7FBEF92}.Release|Any CPU.ActiveCfg = Release|Any CPU
		{88467EA9-B94D-49F6-BA48-BD5BE7FBEF92}.Release|Any CPU.Build.0 = Release|Any CPU
		{FA516602-446D-4C00-8C56-D858BEB36FB8}.Debug|Any CPU.ActiveCfg = Debug|Any CPU
		{FA516602-446D-4C00-8C56-D858BEB36FB8}.Debug|Any CPU.Build.0 = Debug|Any CPU
		{FA516602-446D-4C00-8C56-D858BEB36FB8}.Release|Any CPU.ActiveCfg = Release|Any CPU
		{FA516602-446D-4C00-8C56-D858BEB36FB8}.Release|Any CPU.Build.0 = Release|Any CPU
		{14CC2709-E3C9-4EE4-A5EE-175BF7DE148E}.Debug|Any CPU.ActiveCfg = Debug|Any CPU
		{14CC2709-E3C9-4EE4-A5EE-175BF7DE148E}.Debug|Any CPU.Build.0 = Debug|Any CPU
		{14CC2709-E3C9-4EE4-A5EE-175BF7DE148E}.Release|Any CPU.ActiveCfg = Release|Any CPU
		{14CC2709-E3C9-4EE4-A5EE-175BF7DE148E}.Release|Any CPU.Build.0 = Release|Any CPU
	EndGlobalSection
	GlobalSection(SolutionProperties) = preSolution
		HideSolutionNode = FALSE
	EndGlobalSection
	GlobalSection(NestedProjects) = preSolution
		{BC6FBF2C-7931-4303-8EBA-91AEB01F9B24} = {2E26D560-1A3A-4ED6-A1EE-89B41C1B7CB7}
		{BB07F78C-E77F-4809-800F-EC0228AC4D43} = {2E26D560-1A3A-4ED6-A1EE-89B41C1B7CB7}
		{CBFA8653-B385-4F57-A3B3-0B7E346B45B1} = {FA26398B-AAB6-4BB2-9C23-B5E213B39D99}
		{CFAAD4A8-8503-47A5-A793-86506AE8E369} = {FA26398B-AAB6-4BB2-9C23-B5E213B39D99}
		{9C2235CA-99F8-42C8-BC3D-75D46281491B} = {CFAAD4A8-8503-47A5-A793-86506AE8E369}
		{88467EA9-B94D-49F6-BA48-BD5BE7FBEF92} = {AA810627-6BE1-46A0-BD8E-B3B93A4950A2}
		{AA810627-6BE1-46A0-BD8E-B3B93A4950A2} = {B79D2F96-C15B-4CD3-ADFD-E4FF2BBC8114}
		{2E26D560-1A3A-4ED6-A1EE-89B41C1B7CB7} = {B79D2F96-C15B-4CD3-ADFD-E4FF2BBC8114}
		{FA516602-446D-4C00-8C56-D858BEB36FB8} = {CBFA8653-B385-4F57-A3B3-0B7E346B45B1}
		{14CC2709-E3C9-4EE4-A5EE-175BF7DE148E} = {CBFA8653-B385-4F57-A3B3-0B7E346B45B1}
	EndGlobalSection
	GlobalSection(ExtensibilityGlobals) = postSolution
		SolutionGuid = {EDE0FBFC-5EC5-429E-92E4-A6821D003C1A}
	EndGlobalSection
EndGlobal
